{
  "name": "premid",
  "version": "0.0.1",
  "lockfileVersion": 3,
  "requires": true,
  "packages": {
    "": {
      "name": "premid",
      "version": "0.0.1",
      "dependencies": {
        "premid": "file:"
      }
    },
    "node_modules/premid": {
      "resolved": "",
      "link": true
    }
  }
}
